<?xml version="1.0" encoding="UTF-8"?>
<CodeBlocks_project_file>
	<FileVersion major="1" minor="6"/>
	<Project>
		<Option title="Bacteria_Simulator_SSV_2020_STEP5"/>
		<Option makefile_is_custom="1"/>
		<Option compiler="gcc"/>
		<Option virtualFolders="CMake Files\;CMake Files\..\;CMake Files\..\..\;CMake Files\..\..\..\;CMake Files\..\..\..\..\;CMake Files\..\..\..\..\..\;CMake Files\..\..\..\..\..\..\;CMake Files\..\..\..\..\..\..\..\;CMake Files\..\..\..\..\..\..\..\usr\;CMake Files\..\..\..\..\..\..\..\usr\local\;CMake Files\..\..\..\..\..\..\..\usr\local\lib\;CMake Files\..\..\..\..\..\..\..\usr\local\lib\cmake\;CMake Files\..\..\..\..\..\..\..\usr\local\lib\cmake\SFML\;"/>
		<Build>
			<Target title="all">
				<Option working_dir="/Users/emmaboehly/Documents/Bachelor2/Programmation/Projet_Bacteries/build-src-Desktop_Qt_5_14_1_clang_64bit-Debug"/>
				<Option type="4"/>
				<MakeCommands>
					<Build command="/usr/bin/make -j4 -f &quot;/Users/emmaboehly/Documents/Bachelor2/Programmation/Projet_Bacteries/build-src-Desktop_Qt_5_14_1_clang_64bit-Debug/Makefile&quot;  VERBOSE=1 all"/>
					<CompileFile command="/usr/bin/make -j4 -f &quot;/Users/emmaboehly/Documents/Bachelor2/Programmation/Projet_Bacteries/build-src-Desktop_Qt_5_14_1_clang_64bit-Debug/Makefile&quot;  VERBOSE=1 &quot;$file&quot;"/>
					<Clean command="/usr/bin/make -j4 -f &quot;/Users/emmaboehly/Documents/Bachelor2/Programmation/Projet_Bacteries/build-src-Desktop_Qt_5_14_1_clang_64bit-Debug/Makefile&quot;  VERBOSE=1 clean"/>
					<DistClean command="/usr/bin/make -j4 -f &quot;/Users/emmaboehly/Documents/Bachelor2/Programmation/Projet_Bacteries/build-src-Desktop_Qt_5_14_1_clang_64bit-Debug/Makefile&quot;  VERBOSE=1 clean"/>
				</MakeCommands>
			</Target>
			<Target title="rebuild_cache">
				<Option working_dir="/Users/emmaboehly/Documents/Bachelor2/Programmation/Projet_Bacteries/build-src-Desktop_Qt_5_14_1_clang_64bit-Debug"/>
				<Option type="4"/>
				<MakeCommands>
					<Build command="/usr/bin/make -j4 -f &quot;/Users/emmaboehly/Documents/Bachelor2/Programmation/Projet_Bacteries/build-src-Desktop_Qt_5_14_1_clang_64bit-Debug/Makefile&quot;  VERBOSE=1 rebuild_cache"/>
					<CompileFile command="/usr/bin/make -j4 -f &quot;/Users/emmaboehly/Documents/Bachelor2/Programmation/Projet_Bacteries/build-src-Desktop_Qt_5_14_1_clang_64bit-Debug/Makefile&quot;  VERBOSE=1 &quot;$file&quot;"/>
					<Clean command="/usr/bin/make -j4 -f &quot;/Users/emmaboehly/Documents/Bachelor2/Programmation/Projet_Bacteries/build-src-Desktop_Qt_5_14_1_clang_64bit-Debug/Makefile&quot;  VERBOSE=1 clean"/>
					<DistClean command="/usr/bin/make -j4 -f &quot;/Users/emmaboehly/Documents/Bachelor2/Programmation/Projet_Bacteries/build-src-Desktop_Qt_5_14_1_clang_64bit-Debug/Makefile&quot;  VERBOSE=1 clean"/>
				</MakeCommands>
			</Target>
			<Target title="edit_cache">
				<Option working_dir="/Users/emmaboehly/Documents/Bachelor2/Programmation/Projet_Bacteries/build-src-Desktop_Qt_5_14_1_clang_64bit-Debug"/>
				<Option type="4"/>
				<MakeCommands>
					<Build command="/usr/bin/make -j4 -f &quot;/Users/emmaboehly/Documents/Bachelor2/Programmation/Projet_Bacteries/build-src-Desktop_Qt_5_14_1_clang_64bit-Debug/Makefile&quot;  VERBOSE=1 edit_cache"/>
					<CompileFile command="/usr/bin/make -j4 -f &quot;/Users/emmaboehly/Documents/Bachelor2/Programmation/Projet_Bacteries/build-src-Desktop_Qt_5_14_1_clang_64bit-Debug/Makefile&quot;  VERBOSE=1 &quot;$file&quot;"/>
					<Clean command="/usr/bin/make -j4 -f &quot;/Users/emmaboehly/Documents/Bachelor2/Programmation/Projet_Bacteries/build-src-Desktop_Qt_5_14_1_clang_64bit-Debug/Makefile&quot;  VERBOSE=1 clean"/>
					<DistClean command="/usr/bin/make -j4 -f &quot;/Users/emmaboehly/Documents/Bachelor2/Programmation/Projet_Bacteries/build-src-Desktop_Qt_5_14_1_clang_64bit-Debug/Makefile&quot;  VERBOSE=1 clean"/>
				</MakeCommands>
			</Target>
			<Target title="nutrimentTest">
				<Option output="/Users/emmaboehly/Documents/Bachelor2/Programmation/Projet_Bacteries/build-src-Desktop_Qt_5_14_1_clang_64bit-Debug/nutrimentTest" prefix_auto="0" extension_auto="0"/>
				<Option working_dir="/Users/emmaboehly/Documents/Bachelor2/Programmation/Projet_Bacteries/build-src-Desktop_Qt_5_14_1_clang_64bit-Debug"/>
				<Option object_output="./"/>
				<Option type="1"/>
				<Option compiler="gcc"/>
				<Compiler>
					<Add directory="/Users/emmaboehly/Documents/Bachelor2/Programmation/Projet_Bacteries/src"/>
					<Add directory="/Users/emmaboehly/Documents/Bachelor2/Programmation/Projet_Bacteries/src/../extlib/Catch/include"/>
					<Add directory="/Users/emmaboehly/Documents/Bachelor2/Programmation/Projet_Bacteries/src/Tests"/>
					<Add directory="/usr/local/include"/>
					<Add directory="/Applications/Xcode.app/Contents/Developer/Toolchains/XcodeDefault.xctoolchain/usr/bin/../include/c++/v1"/>
					<Add directory="/Applications/Xcode.app/Contents/Developer/Toolchains/XcodeDefault.xctoolchain/usr/lib/clang/11.0.3/include"/>
					<Add directory="/Applications/Xcode.app/Contents/Developer/Platforms/MacOSX.platform/Developer/SDKs/MacOSX.sdk/usr/include"/>
					<Add directory="/Applications/Xcode.app/Contents/Developer/Toolchains/XcodeDefault.xctoolchain/usr/include"/>
					<Add directory="/Applications/Xcode.app/Contents/Developer/Platforms/MacOSX.platform/Developer/SDKs/MacOSX.sdk/System/Library/Frameworks"/>
				</Compiler>
				<MakeCommands>
					<Build command="/usr/bin/make -j4 -f &quot;/Users/emmaboehly/Documents/Bachelor2/Programmation/Projet_Bacteries/build-src-Desktop_Qt_5_14_1_clang_64bit-Debug/Makefile&quot;  VERBOSE=1 nutrimentTest"/>
					<CompileFile command="/usr/bin/make -j4 -f &quot;/Users/emmaboehly/Documents/Bachelor2/Programmation/Projet_Bacteries/build-src-Desktop_Qt_5_14_1_clang_64bit-Debug/Makefile&quot;  VERBOSE=1 &quot;$file&quot;"/>
					<Clean command="/usr/bin/make -j4 -f &quot;/Users/emmaboehly/Documents/Bachelor2/Programmation/Projet_Bacteries/build-src-Desktop_Qt_5_14_1_clang_64bit-Debug/Makefile&quot;  VERBOSE=1 clean"/>
					<DistClean command="/usr/bin/make -j4 -f &quot;/Users/emmaboehly/Documents/Bachelor2/Programmation/Projet_Bacteries/build-src-Desktop_Qt_5_14_1_clang_64bit-Debug/Makefile&quot;  VERBOSE=1 clean"/>
				</MakeCommands>
			</Target>
			<Target title="nutrimentTest/fast">
				<Option output="/Users/emmaboehly/Documents/Bachelor2/Programmation/Projet_Bacteries/build-src-Desktop_Qt_5_14_1_clang_64bit-Debug/nutrimentTest" prefix_auto="0" extension_auto="0"/>
				<Option working_dir="/Users/emmaboehly/Documents/Bachelor2/Programmation/Projet_Bacteries/build-src-Desktop_Qt_5_14_1_clang_64bit-Debug"/>
				<Option object_output="./"/>
				<Option type="1"/>
				<Option compiler="gcc"/>
				<Compiler>
					<Add directory="/Users/emmaboehly/Documents/Bachelor2/Programmation/Projet_Bacteries/src"/>
					<Add directory="/Users/emmaboehly/Documents/Bachelor2/Programmation/Projet_Bacteries/src/../extlib/Catch/include"/>
					<Add directory="/Users/emmaboehly/Documents/Bachelor2/Programmation/Projet_Bacteries/src/Tests"/>
					<Add directory="/usr/local/include"/>
					<Add directory="/Applications/Xcode.app/Contents/Developer/Toolchains/XcodeDefault.xctoolchain/usr/bin/../include/c++/v1"/>
					<Add directory="/Applications/Xcode.app/Contents/Developer/Toolchains/XcodeDefault.xctoolchain/usr/lib/clang/11.0.3/include"/>
					<Add directory="/Applications/Xcode.app/Contents/Developer/Platforms/MacOSX.platform/Developer/SDKs/MacOSX.sdk/usr/include"/>
					<Add directory="/Applications/Xcode.app/Contents/Developer/Toolchains/XcodeDefault.xctoolchain/usr/include"/>
					<Add directory="/Applications/Xcode.app/Contents/Developer/Platforms/MacOSX.platform/Developer/SDKs/MacOSX.sdk/System/Library/Frameworks"/>
				</Compiler>
				<MakeCommands>
					<Build command="/usr/bin/make -j4 -f &quot;/Users/emmaboehly/Documents/Bachelor2/Programmation/Projet_Bacteries/build-src-Desktop_Qt_5_14_1_clang_64bit-Debug/Makefile&quot;  VERBOSE=1 nutrimentTest/fast"/>
					<CompileFile command="/usr/bin/make -j4 -f &quot;/Users/emmaboehly/Documents/Bachelor2/Programmation/Projet_Bacteries/build-src-Desktop_Qt_5_14_1_clang_64bit-Debug/Makefile&quot;  VERBOSE=1 &quot;$file&quot;"/>
					<Clean command="/usr/bin/make -j4 -f &quot;/Users/emmaboehly/Documents/Bachelor2/Programmation/Projet_Bacteries/build-src-Desktop_Qt_5_14_1_clang_64bit-Debug/Makefile&quot;  VERBOSE=1 clean"/>
					<DistClean command="/usr/bin/make -j4 -f &quot;/Users/emmaboehly/Documents/Bachelor2/Programmation/Projet_Bacteries/build-src-Desktop_Qt_5_14_1_clang_64bit-Debug/Makefile&quot;  VERBOSE=1 clean"/>
				</MakeCommands>
			</Target>
			<Target title="simpleBactTest">
				<Option output="/Users/emmaboehly/Documents/Bachelor2/Programmation/Projet_Bacteries/build-src-Desktop_Qt_5_14_1_clang_64bit-Debug/simpleBactTest" prefix_auto="0" extension_auto="0"/>
				<Option working_dir="/Users/emmaboehly/Documents/Bachelor2/Programmation/Projet_Bacteries/build-src-Desktop_Qt_5_14_1_clang_64bit-Debug"/>
				<Option object_output="./"/>
				<Option type="1"/>
				<Option compiler="gcc"/>
				<Compiler>
					<Add directory="/Users/emmaboehly/Documents/Bachelor2/Programmation/Projet_Bacteries/src"/>
					<Add directory="/Users/emmaboehly/Documents/Bachelor2/Programmation/Projet_Bacteries/src/../extlib/Catch/include"/>
					<Add directory="/Users/emmaboehly/Documents/Bachelor2/Programmation/Projet_Bacteries/src/Tests"/>
					<Add directory="/usr/local/include"/>
					<Add directory="/Applications/Xcode.app/Contents/Developer/Toolchains/XcodeDefault.xctoolchain/usr/bin/../include/c++/v1"/>
					<Add directory="/Applications/Xcode.app/Contents/Developer/Toolchains/XcodeDefault.xctoolchain/usr/lib/clang/11.0.3/include"/>
					<Add directory="/Applications/Xcode.app/Contents/Developer/Platforms/MacOSX.platform/Developer/SDKs/MacOSX.sdk/usr/include"/>
					<Add directory="/Applications/Xcode.app/Contents/Developer/Toolchains/XcodeDefault.xctoolchain/usr/include"/>
					<Add directory="/Applications/Xcode.app/Contents/Developer/Platforms/MacOSX.platform/Developer/SDKs/MacOSX.sdk/System/Library/Frameworks"/>
				</Compiler>
				<MakeCommands>
					<Build command="/usr/bin/make -j4 -f &quot;/Users/emmaboehly/Documents/Bachelor2/Programmation/Projet_Bacteries/build-src-Desktop_Qt_5_14_1_clang_64bit-Debug/Makefile&quot;  VERBOSE=1 simpleBactTest"/>
					<CompileFile command="/usr/bin/make -j4 -f &quot;/Users/emmaboehly/Documents/Bachelor2/Programmation/Projet_Bacteries/build-src-Desktop_Qt_5_14_1_clang_64bit-Debug/Makefile&quot;  VERBOSE=1 &quot;$file&quot;"/>
					<Clean command="/usr/bin/make -j4 -f &quot;/Users/emmaboehly/Documents/Bachelor2/Programmation/Projet_Bacteries/build-src-Desktop_Qt_5_14_1_clang_64bit-Debug/Makefile&quot;  VERBOSE=1 clean"/>
					<DistClean command="/usr/bin/make -j4 -f &quot;/Users/emmaboehly/Documents/Bachelor2/Programmation/Projet_Bacteries/build-src-Desktop_Qt_5_14_1_clang_64bit-Debug/Makefile&quot;  VERBOSE=1 clean"/>
				</MakeCommands>
			</Target>
			<Target title="simpleBactTest/fast">
				<Option output="/Users/emmaboehly/Documents/Bachelor2/Programmation/Projet_Bacteries/build-src-Desktop_Qt_5_14_1_clang_64bit-Debug/simpleBactTest" prefix_auto="0" extension_auto="0"/>
				<Option working_dir="/Users/emmaboehly/Documents/Bachelor2/Programmation/Projet_Bacteries/build-src-Desktop_Qt_5_14_1_clang_64bit-Debug"/>
				<Option object_output="./"/>
				<Option type="1"/>
				<Option compiler="gcc"/>
				<Compiler>
					<Add directory="/Users/emmaboehly/Documents/Bachelor2/Programmation/Projet_Bacteries/src"/>
					<Add directory="/Users/emmaboehly/Documents/Bachelor2/Programmation/Projet_Bacteries/src/../extlib/Catch/include"/>
					<Add directory="/Users/emmaboehly/Documents/Bachelor2/Programmation/Projet_Bacteries/src/Tests"/>
					<Add directory="/usr/local/include"/>
					<Add directory="/Applications/Xcode.app/Contents/Developer/Toolchains/XcodeDefault.xctoolchain/usr/bin/../include/c++/v1"/>
					<Add directory="/Applications/Xcode.app/Contents/Developer/Toolchains/XcodeDefault.xctoolchain/usr/lib/clang/11.0.3/include"/>
					<Add directory="/Applications/Xcode.app/Contents/Developer/Platforms/MacOSX.platform/Developer/SDKs/MacOSX.sdk/usr/include"/>
					<Add directory="/Applications/Xcode.app/Contents/Developer/Toolchains/XcodeDefault.xctoolchain/usr/include"/>
					<Add directory="/Applications/Xcode.app/Contents/Developer/Platforms/MacOSX.platform/Developer/SDKs/MacOSX.sdk/System/Library/Frameworks"/>
				</Compiler>
				<MakeCommands>
					<Build command="/usr/bin/make -j4 -f &quot;/Users/emmaboehly/Documents/Bachelor2/Programmation/Projet_Bacteries/build-src-Desktop_Qt_5_14_1_clang_64bit-Debug/Makefile&quot;  VERBOSE=1 simpleBactTest/fast"/>
					<CompileFile command="/usr/bin/make -j4 -f &quot;/Users/emmaboehly/Documents/Bachelor2/Programmation/Projet_Bacteries/build-src-Desktop_Qt_5_14_1_clang_64bit-Debug/Makefile&quot;  VERBOSE=1 &quot;$file&quot;"/>
					<Clean command="/usr/bin/make -j4 -f &quot;/Users/emmaboehly/Documents/Bachelor2/Programmation/Projet_Bacteries/build-src-Desktop_Qt_5_14_1_clang_64bit-Debug/Makefile&quot;  VERBOSE=1 clean"/>
					<DistClean command="/usr/bin/make -j4 -f &quot;/Users/emmaboehly/Documents/Bachelor2/Programmation/Projet_Bacteries/build-src-Desktop_Qt_5_14_1_clang_64bit-Debug/Makefile&quot;  VERBOSE=1 clean"/>
				</MakeCommands>
			</Target>
			<Target title="twitchingTest">
				<Option output="/Users/emmaboehly/Documents/Bachelor2/Programmation/Projet_Bacteries/build-src-Desktop_Qt_5_14_1_clang_64bit-Debug/twitchingTest" prefix_auto="0" extension_auto="0"/>
				<Option working_dir="/Users/emmaboehly/Documents/Bachelor2/Programmation/Projet_Bacteries/build-src-Desktop_Qt_5_14_1_clang_64bit-Debug"/>
				<Option object_output="./"/>
				<Option type="1"/>
				<Option compiler="gcc"/>
				<Compiler>
					<Add directory="/Users/emmaboehly/Documents/Bachelor2/Programmation/Projet_Bacteries/src"/>
					<Add directory="/Users/emmaboehly/Documents/Bachelor2/Programmation/Projet_Bacteries/src/../extlib/Catch/include"/>
					<Add directory="/Users/emmaboehly/Documents/Bachelor2/Programmation/Projet_Bacteries/src/Tests"/>
					<Add directory="/usr/local/include"/>
					<Add directory="/Applications/Xcode.app/Contents/Developer/Toolchains/XcodeDefault.xctoolchain/usr/bin/../include/c++/v1"/>
					<Add directory="/Applications/Xcode.app/Contents/Developer/Toolchains/XcodeDefault.xctoolchain/usr/lib/clang/11.0.3/include"/>
					<Add directory="/Applications/Xcode.app/Contents/Developer/Platforms/MacOSX.platform/Developer/SDKs/MacOSX.sdk/usr/include"/>
					<Add directory="/Applications/Xcode.app/Contents/Developer/Toolchains/XcodeDefault.xctoolchain/usr/include"/>
					<Add directory="/Applications/Xcode.app/Contents/Developer/Platforms/MacOSX.platform/Developer/SDKs/MacOSX.sdk/System/Library/Frameworks"/>
				</Compiler>
				<MakeCommands>
					<Build command="/usr/bin/make -j4 -f &quot;/Users/emmaboehly/Documents/Bachelor2/Programmation/Projet_Bacteries/build-src-Desktop_Qt_5_14_1_clang_64bit-Debug/Makefile&quot;  VERBOSE=1 twitchingTest"/>
					<CompileFile command="/usr/bin/make -j4 -f &quot;/Users/emmaboehly/Documents/Bachelor2/Programmation/Projet_Bacteries/build-src-Desktop_Qt_5_14_1_clang_64bit-Debug/Makefile&quot;  VERBOSE=1 &quot;$file&quot;"/>
					<Clean command="/usr/bin/make -j4 -f &quot;/Users/emmaboehly/Documents/Bachelor2/Programmation/Projet_Bacteries/build-src-Desktop_Qt_5_14_1_clang_64bit-Debug/Makefile&quot;  VERBOSE=1 clean"/>
					<DistClean command="/usr/bin/make -j4 -f &quot;/Users/emmaboehly/Documents/Bachelor2/Programmation/Projet_Bacteries/build-src-Desktop_Qt_5_14_1_clang_64bit-Debug/Makefile&quot;  VERBOSE=1 clean"/>
				</MakeCommands>
			</Target>
			<Target title="twitchingTest/fast">
				<Option output="/Users/emmaboehly/Documents/Bachelor2/Programmation/Projet_Bacteries/build-src-Desktop_Qt_5_14_1_clang_64bit-Debug/twitchingTest" prefix_auto="0" extension_auto="0"/>
				<Option working_dir="/Users/emmaboehly/Documents/Bachelor2/Programmation/Projet_Bacteries/build-src-Desktop_Qt_5_14_1_clang_64bit-Debug"/>
				<Option object_output="./"/>
				<Option type="1"/>
				<Option compiler="gcc"/>
				<Compiler>
					<Add directory="/Users/emmaboehly/Documents/Bachelor2/Programmation/Projet_Bacteries/src"/>
					<Add directory="/Users/emmaboehly/Documents/Bachelor2/Programmation/Projet_Bacteries/src/../extlib/Catch/include"/>
					<Add directory="/Users/emmaboehly/Documents/Bachelor2/Programmation/Projet_Bacteries/src/Tests"/>
					<Add directory="/usr/local/include"/>
					<Add directory="/Applications/Xcode.app/Contents/Developer/Toolchains/XcodeDefault.xctoolchain/usr/bin/../include/c++/v1"/>
					<Add directory="/Applications/Xcode.app/Contents/Developer/Toolchains/XcodeDefault.xctoolchain/usr/lib/clang/11.0.3/include"/>
					<Add directory="/Applications/Xcode.app/Contents/Developer/Platforms/MacOSX.platform/Developer/SDKs/MacOSX.sdk/usr/include"/>
					<Add directory="/Applications/Xcode.app/Contents/Developer/Toolchains/XcodeDefault.xctoolchain/usr/include"/>
					<Add directory="/Applications/Xcode.app/Contents/Developer/Platforms/MacOSX.platform/Developer/SDKs/MacOSX.sdk/System/Library/Frameworks"/>
				</Compiler>
				<MakeCommands>
					<Build command="/usr/bin/make -j4 -f &quot;/Users/emmaboehly/Documents/Bachelor2/Programmation/Projet_Bacteries/build-src-Desktop_Qt_5_14_1_clang_64bit-Debug/Makefile&quot;  VERBOSE=1 twitchingTest/fast"/>
					<CompileFile command="/usr/bin/make -j4 -f &quot;/Users/emmaboehly/Documents/Bachelor2/Programmation/Projet_Bacteries/build-src-Desktop_Qt_5_14_1_clang_64bit-Debug/Makefile&quot;  VERBOSE=1 &quot;$file&quot;"/>
					<Clean command="/usr/bin/make -j4 -f &quot;/Users/emmaboehly/Documents/Bachelor2/Programmation/Projet_Bacteries/build-src-Desktop_Qt_5_14_1_clang_64bit-Debug/Makefile&quot;  VERBOSE=1 clean"/>
					<DistClean command="/usr/bin/make -j4 -f &quot;/Users/emmaboehly/Documents/Bachelor2/Programmation/Projet_Bacteries/build-src-Desktop_Qt_5_14_1_clang_64bit-Debug/Makefile&quot;  VERBOSE=1 clean"/>
				</MakeCommands>
			</Target>
			<Target title="vec2dTest">
				<Option output="/Users/emmaboehly/Documents/Bachelor2/Programmation/Projet_Bacteries/build-src-Desktop_Qt_5_14_1_clang_64bit-Debug/vec2dTest" prefix_auto="0" extension_auto="0"/>
				<Option working_dir="/Users/emmaboehly/Documents/Bachelor2/Programmation/Projet_Bacteries/build-src-Desktop_Qt_5_14_1_clang_64bit-Debug"/>
				<Option object_output="./"/>
				<Option type="1"/>
				<Option compiler="gcc"/>
				<Compiler>
					<Add directory="/Users/emmaboehly/Documents/Bachelor2/Programmation/Projet_Bacteries/src"/>
					<Add directory="/Users/emmaboehly/Documents/Bachelor2/Programmation/Projet_Bacteries/src/../extlib/Catch/include"/>
					<Add directory="/Users/emmaboehly/Documents/Bachelor2/Programmation/Projet_Bacteries/src/Tests"/>
					<Add directory="/usr/local/include"/>
					<Add directory="/Applications/Xcode.app/Contents/Developer/Toolchains/XcodeDefault.xctoolchain/usr/bin/../include/c++/v1"/>
					<Add directory="/Applications/Xcode.app/Contents/Developer/Toolchains/XcodeDefault.xctoolchain/usr/lib/clang/11.0.3/include"/>
					<Add directory="/Applications/Xcode.app/Contents/Developer/Platforms/MacOSX.platform/Developer/SDKs/MacOSX.sdk/usr/include"/>
					<Add directory="/Applications/Xcode.app/Contents/Developer/Toolchains/XcodeDefault.xctoolchain/usr/include"/>
					<Add directory="/Applications/Xcode.app/Contents/Developer/Platforms/MacOSX.platform/Developer/SDKs/MacOSX.sdk/System/Library/Frameworks"/>
				</Compiler>
				<MakeCommands>
					<Build command="/usr/bin/make -j4 -f &quot;/Users/emmaboehly/Documents/Bachelor2/Programmation/Projet_Bacteries/build-src-Desktop_Qt_5_14_1_clang_64bit-Debug/Makefile&quot;  VERBOSE=1 vec2dTest"/>
					<CompileFile command="/usr/bin/make -j4 -f &quot;/Users/emmaboehly/Documents/Bachelor2/Programmation/Projet_Bacteries/build-src-Desktop_Qt_5_14_1_clang_64bit-Debug/Makefile&quot;  VERBOSE=1 &quot;$file&quot;"/>
					<Clean command="/usr/bin/make -j4 -f &quot;/Users/emmaboehly/Documents/Bachelor2/Programmation/Projet_Bacteries/build-src-Desktop_Qt_5_14_1_clang_64bit-Debug/Makefile&quot;  VERBOSE=1 clean"/>
					<DistClean command="/usr/bin/make -j4 -f &quot;/Users/emmaboehly/Documents/Bachelor2/Programmation/Projet_Bacteries/build-src-Desktop_Qt_5_14_1_clang_64bit-Debug/Makefile&quot;  VERBOSE=1 clean"/>
				</MakeCommands>
			</Target>
			<Target title="vec2dTest/fast">
				<Option output="/Users/emmaboehly/Documents/Bachelor2/Programmation/Projet_Bacteries/build-src-Desktop_Qt_5_14_1_clang_64bit-Debug/vec2dTest" prefix_auto="0" extension_auto="0"/>
				<Option working_dir="/Users/emmaboehly/Documents/Bachelor2/Programmation/Projet_Bacteries/build-src-Desktop_Qt_5_14_1_clang_64bit-Debug"/>
				<Option object_output="./"/>
				<Option type="1"/>
				<Option compiler="gcc"/>
				<Compiler>
					<Add directory="/Users/emmaboehly/Documents/Bachelor2/Programmation/Projet_Bacteries/src"/>
					<Add directory="/Users/emmaboehly/Documents/Bachelor2/Programmation/Projet_Bacteries/src/../extlib/Catch/include"/>
					<Add directory="/Users/emmaboehly/Documents/Bachelor2/Programmation/Projet_Bacteries/src/Tests"/>
					<Add directory="/usr/local/include"/>
					<Add directory="/Applications/Xcode.app/Contents/Developer/Toolchains/XcodeDefault.xctoolchain/usr/bin/../include/c++/v1"/>
					<Add directory="/Applications/Xcode.app/Contents/Developer/Toolchains/XcodeDefault.xctoolchain/usr/lib/clang/11.0.3/include"/>
					<Add directory="/Applications/Xcode.app/Contents/Developer/Platforms/MacOSX.platform/Developer/SDKs/MacOSX.sdk/usr/include"/>
					<Add directory="/Applications/Xcode.app/Contents/Developer/Toolchains/XcodeDefault.xctoolchain/usr/include"/>
					<Add directory="/Applications/Xcode.app/Contents/Developer/Platforms/MacOSX.platform/Developer/SDKs/MacOSX.sdk/System/Library/Frameworks"/>
				</Compiler>
				<MakeCommands>
					<Build command="/usr/bin/make -j4 -f &quot;/Users/emmaboehly/Documents/Bachelor2/Programmation/Projet_Bacteries/build-src-Desktop_Qt_5_14_1_clang_64bit-Debug/Makefile&quot;  VERBOSE=1 vec2dTest/fast"/>
					<CompileFile command="/usr/bin/make -j4 -f &quot;/Users/emmaboehly/Documents/Bachelor2/Programmation/Projet_Bacteries/build-src-Desktop_Qt_5_14_1_clang_64bit-Debug/Makefile&quot;  VERBOSE=1 &quot;$file&quot;"/>
					<Clean command="/usr/bin/make -j4 -f &quot;/Users/emmaboehly/Documents/Bachelor2/Programmation/Projet_Bacteries/build-src-Desktop_Qt_5_14_1_clang_64bit-Debug/Makefile&quot;  VERBOSE=1 clean"/>
					<DistClean command="/usr/bin/make -j4 -f &quot;/Users/emmaboehly/Documents/Bachelor2/Programmation/Projet_Bacteries/build-src-Desktop_Qt_5_14_1_clang_64bit-Debug/Makefile&quot;  VERBOSE=1 clean"/>
				</MakeCommands>
			</Target>
			<Target title="gripTest">
				<Option output="/Users/emmaboehly/Documents/Bachelor2/Programmation/Projet_Bacteries/build-src-Desktop_Qt_5_14_1_clang_64bit-Debug/gripTest" prefix_auto="0" extension_auto="0"/>
				<Option working_dir="/Users/emmaboehly/Documents/Bachelor2/Programmation/Projet_Bacteries/build-src-Desktop_Qt_5_14_1_clang_64bit-Debug"/>
				<Option object_output="./"/>
				<Option type="1"/>
				<Option compiler="gcc"/>
				<Compiler>
					<Add directory="/Users/emmaboehly/Documents/Bachelor2/Programmation/Projet_Bacteries/src"/>
					<Add directory="/Users/emmaboehly/Documents/Bachelor2/Programmation/Projet_Bacteries/src/../extlib/Catch/include"/>
					<Add directory="/Users/emmaboehly/Documents/Bachelor2/Programmation/Projet_Bacteries/src/Tests"/>
					<Add directory="/usr/local/include"/>
					<Add directory="/Applications/Xcode.app/Contents/Developer/Toolchains/XcodeDefault.xctoolchain/usr/bin/../include/c++/v1"/>
					<Add directory="/Applications/Xcode.app/Contents/Developer/Toolchains/XcodeDefault.xctoolchain/usr/lib/clang/11.0.3/include"/>
					<Add directory="/Applications/Xcode.app/Contents/Developer/Platforms/MacOSX.platform/Developer/SDKs/MacOSX.sdk/usr/include"/>
					<Add directory="/Applications/Xcode.app/Contents/Developer/Toolchains/XcodeDefault.xctoolchain/usr/include"/>
					<Add directory="/Applications/Xcode.app/Contents/Developer/Platforms/MacOSX.platform/Developer/SDKs/MacOSX.sdk/System/Library/Frameworks"/>
				</Compiler>
				<MakeCommands>
					<Build command="/usr/bin/make -j4 -f &quot;/Users/emmaboehly/Documents/Bachelor2/Programmation/Projet_Bacteries/build-src-Desktop_Qt_5_14_1_clang_64bit-Debug/Makefile&quot;  VERBOSE=1 gripTest"/>
					<CompileFile command="/usr/bin/make -j4 -f &quot;/Users/emmaboehly/Documents/Bachelor2/Programmation/Projet_Bacteries/build-src-Desktop_Qt_5_14_1_clang_64bit-Debug/Makefile&quot;  VERBOSE=1 &quot;$file&quot;"/>
					<Clean command="/usr/bin/make -j4 -f &quot;/Users/emmaboehly/Documents/Bachelor2/Programmation/Projet_Bacteries/build-src-Desktop_Qt_5_14_1_clang_64bit-Debug/Makefile&quot;  VERBOSE=1 clean"/>
					<DistClean command="/usr/bin/make -j4 -f &quot;/Users/emmaboehly/Documents/Bachelor2/Programmation/Projet_Bacteries/build-src-Desktop_Qt_5_14_1_clang_64bit-Debug/Makefile&quot;  VERBOSE=1 clean"/>
				</MakeCommands>
			</Target>
			<Target title="gripTest/fast">
				<Option output="/Users/emmaboehly/Documents/Bachelor2/Programmation/Projet_Bacteries/build-src-Desktop_Qt_5_14_1_clang_64bit-Debug/gripTest" prefix_auto="0" extension_auto="0"/>
				<Option working_dir="/Users/emmaboehly/Documents/Bachelor2/Programmation/Projet_Bacteries/build-src-Desktop_Qt_5_14_1_clang_64bit-Debug"/>
				<Option object_output="./"/>
				<Option type="1"/>
				<Option compiler="gcc"/>
				<Compiler>
					<Add directory="/Users/emmaboehly/Documents/Bachelor2/Programmation/Projet_Bacteries/src"/>
					<Add directory="/Users/emmaboehly/Documents/Bachelor2/Programmation/Projet_Bacteries/src/../extlib/Catch/include"/>
					<Add directory="/Users/emmaboehly/Documents/Bachelor2/Programmation/Projet_Bacteries/src/Tests"/>
					<Add directory="/usr/local/include"/>
					<Add directory="/Applications/Xcode.app/Contents/Developer/Toolchains/XcodeDefault.xctoolchain/usr/bin/../include/c++/v1"/>
					<Add directory="/Applications/Xcode.app/Contents/Developer/Toolchains/XcodeDefault.xctoolchain/usr/lib/clang/11.0.3/include"/>
					<Add directory="/Applications/Xcode.app/Contents/Developer/Platforms/MacOSX.platform/Developer/SDKs/MacOSX.sdk/usr/include"/>
					<Add directory="/Applications/Xcode.app/Contents/Developer/Toolchains/XcodeDefault.xctoolchain/usr/include"/>
					<Add directory="/Applications/Xcode.app/Contents/Developer/Platforms/MacOSX.platform/Developer/SDKs/MacOSX.sdk/System/Library/Frameworks"/>
				</Compiler>
				<MakeCommands>
					<Build command="/usr/bin/make -j4 -f &quot;/Users/emmaboehly/Documents/Bachelor2/Programmation/Projet_Bacteries/build-src-Desktop_Qt_5_14_1_clang_64bit-Debug/Makefile&quot;  VERBOSE=1 gripTest/fast"/>
					<CompileFile command="/usr/bin/make -j4 -f &quot;/Users/emmaboehly/Documents/Bachelor2/Programmation/Projet_Bacteries/build-src-Desktop_Qt_5_14_1_clang_64bit-Debug/Makefile&quot;  VERBOSE=1 &quot;$file&quot;"/>
					<Clean command="/usr/bin/make -j4 -f &quot;/Users/emmaboehly/Documents/Bachelor2/Programmation/Projet_Bacteries/build-src-Desktop_Qt_5_14_1_clang_64bit-Debug/Makefile&quot;  VERBOSE=1 clean"/>
					<DistClean command="/usr/bin/make -j4 -f &quot;/Users/emmaboehly/Documents/Bachelor2/Programmation/Projet_Bacteries/build-src-Desktop_Qt_5_14_1_clang_64bit-Debug/Makefile&quot;  VERBOSE=1 clean"/>
				</MakeCommands>
			</Target>
			<Target title="mutableTest">
				<Option output="/Users/emmaboehly/Documents/Bachelor2/Programmation/Projet_Bacteries/build-src-Desktop_Qt_5_14_1_clang_64bit-Debug/mutableTest" prefix_auto="0" extension_auto="0"/>
				<Option working_dir="/Users/emmaboehly/Documents/Bachelor2/Programmation/Projet_Bacteries/build-src-Desktop_Qt_5_14_1_clang_64bit-Debug"/>
				<Option object_output="./"/>
				<Option type="1"/>
				<Option compiler="gcc"/>
				<Compiler>
					<Add directory="/Users/emmaboehly/Documents/Bachelor2/Programmation/Projet_Bacteries/src"/>
					<Add directory="/Users/emmaboehly/Documents/Bachelor2/Programmation/Projet_Bacteries/src/../extlib/Catch/include"/>
					<Add directory="/Users/emmaboehly/Documents/Bachelor2/Programmation/Projet_Bacteries/src/Tests"/>
					<Add directory="/usr/local/include"/>
					<Add directory="/Applications/Xcode.app/Contents/Developer/Toolchains/XcodeDefault.xctoolchain/usr/bin/../include/c++/v1"/>
					<Add directory="/Applications/Xcode.app/Contents/Developer/Toolchains/XcodeDefault.xctoolchain/usr/lib/clang/11.0.3/include"/>
					<Add directory="/Applications/Xcode.app/Contents/Developer/Platforms/MacOSX.platform/Developer/SDKs/MacOSX.sdk/usr/include"/>
					<Add directory="/Applications/Xcode.app/Contents/Developer/Toolchains/XcodeDefault.xctoolchain/usr/include"/>
					<Add directory="/Applications/Xcode.app/Contents/Developer/Platforms/MacOSX.platform/Developer/SDKs/MacOSX.sdk/System/Library/Frameworks"/>
				</Compiler>
				<MakeCommands>
					<Build command="/usr/bin/make -j4 -f &quot;/Users/emmaboehly/Documents/Bachelor2/Programmation/Projet_Bacteries/build-src-Desktop_Qt_5_14_1_clang_64bit-Debug/Makefile&quot;  VERBOSE=1 mutableTest"/>
					<CompileFile command="/usr/bin/make -j4 -f &quot;/Users/emmaboehly/Documents/Bachelor2/Programmation/Projet_Bacteries/build-src-Desktop_Qt_5_14_1_clang_64bit-Debug/Makefile&quot;  VERBOSE=1 &quot;$file&quot;"/>
					<Clean command="/usr/bin/make -j4 -f &quot;/Users/emmaboehly/Documents/Bachelor2/Programmation/Projet_Bacteries/build-src-Desktop_Qt_5_14_1_clang_64bit-Debug/Makefile&quot;  VERBOSE=1 clean"/>
					<DistClean command="/usr/bin/make -j4 -f &quot;/Users/emmaboehly/Documents/Bachelor2/Programmation/Projet_Bacteries/build-src-Desktop_Qt_5_14_1_clang_64bit-Debug/Makefile&quot;  VERBOSE=1 clean"/>
				</MakeCommands>
			</Target>
			<Target title="mutableTest/fast">
				<Option output="/Users/emmaboehly/Documents/Bachelor2/Programmation/Projet_Bacteries/build-src-Desktop_Qt_5_14_1_clang_64bit-Debug/mutableTest" prefix_auto="0" extension_auto="0"/>
				<Option working_dir="/Users/emmaboehly/Documents/Bachelor2/Programmation/Projet_Bacteries/build-src-Desktop_Qt_5_14_1_clang_64bit-Debug"/>
				<Option object_output="./"/>
				<Option type="1"/>
				<Option compiler="gcc"/>
				<Compiler>
					<Add directory="/Users/emmaboehly/Documents/Bachelor2/Programmation/Projet_Bacteries/src"/>
					<Add directory="/Users/emmaboehly/Documents/Bachelor2/Programmation/Projet_Bacteries/src/../extlib/Catch/include"/>
					<Add directory="/Users/emmaboehly/Documents/Bachelor2/Programmation/Projet_Bacteries/src/Tests"/>
					<Add directory="/usr/local/include"/>
					<Add directory="/Applications/Xcode.app/Contents/Developer/Toolchains/XcodeDefault.xctoolchain/usr/bin/../include/c++/v1"/>
					<Add directory="/Applications/Xcode.app/Contents/Developer/Toolchains/XcodeDefault.xctoolchain/usr/lib/clang/11.0.3/include"/>
					<Add directory="/Applications/Xcode.app/Contents/Developer/Platforms/MacOSX.platform/Developer/SDKs/MacOSX.sdk/usr/include"/>
					<Add directory="/Applications/Xcode.app/Contents/Developer/Toolchains/XcodeDefault.xctoolchain/usr/include"/>
					<Add directory="/Applications/Xcode.app/Contents/Developer/Platforms/MacOSX.platform/Developer/SDKs/MacOSX.sdk/System/Library/Frameworks"/>
				</Compiler>
				<MakeCommands>
					<Build command="/usr/bin/make -j4 -f &quot;/Users/emmaboehly/Documents/Bachelor2/Programmation/Projet_Bacteries/build-src-Desktop_Qt_5_14_1_clang_64bit-Debug/Makefile&quot;  VERBOSE=1 mutableTest/fast"/>
					<CompileFile command="/usr/bin/make -j4 -f &quot;/Users/emmaboehly/Documents/Bachelor2/Programmation/Projet_Bacteries/build-src-Desktop_Qt_5_14_1_clang_64bit-Debug/Makefile&quot;  VERBOSE=1 &quot;$file&quot;"/>
					<Clean command="/usr/bin/make -j4 -f &quot;/Users/emmaboehly/Documents/Bachelor2/Programmation/Projet_Bacteries/build-src-Desktop_Qt_5_14_1_clang_64bit-Debug/Makefile&quot;  VERBOSE=1 clean"/>
					<DistClean command="/usr/bin/make -j4 -f &quot;/Users/emmaboehly/Documents/Bachelor2/Programmation/Projet_Bacteries/build-src-Desktop_Qt_5_14_1_clang_64bit-Debug/Makefile&quot;  VERBOSE=1 clean"/>
				</MakeCommands>
			</Target>
			<Target title="application-run">
				<Option working_dir="/Users/emmaboehly/Documents/Bachelor2/Programmation/Projet_Bacteries/build-src-Desktop_Qt_5_14_1_clang_64bit-Debug"/>
				<Option type="4"/>
				<MakeCommands>
					<Build command="/usr/bin/make -j4 -f &quot;/Users/emmaboehly/Documents/Bachelor2/Programmation/Projet_Bacteries/build-src-Desktop_Qt_5_14_1_clang_64bit-Debug/Makefile&quot;  VERBOSE=1 application-run"/>
					<CompileFile command="/usr/bin/make -j4 -f &quot;/Users/emmaboehly/Documents/Bachelor2/Programmation/Projet_Bacteries/build-src-Desktop_Qt_5_14_1_clang_64bit-Debug/Makefile&quot;  VERBOSE=1 &quot;$file&quot;"/>
					<Clean command="/usr/bin/make -j4 -f &quot;/Users/emmaboehly/Documents/Bachelor2/Programmation/Projet_Bacteries/build-src-Desktop_Qt_5_14_1_clang_64bit-Debug/Makefile&quot;  VERBOSE=1 clean"/>
					<DistClean command="/usr/bin/make -j4 -f &quot;/Users/emmaboehly/Documents/Bachelor2/Programmation/Projet_Bacteries/build-src-Desktop_Qt_5_14_1_clang_64bit-Debug/Makefile&quot;  VERBOSE=1 clean"/>
				</MakeCommands>
			</Target>
			<Target title="swarmTest">
				<Option output="/Users/emmaboehly/Documents/Bachelor2/Programmation/Projet_Bacteries/build-src-Desktop_Qt_5_14_1_clang_64bit-Debug/swarmTest" prefix_auto="0" extension_auto="0"/>
				<Option working_dir="/Users/emmaboehly/Documents/Bachelor2/Programmation/Projet_Bacteries/build-src-Desktop_Qt_5_14_1_clang_64bit-Debug"/>
				<Option object_output="./"/>
				<Option type="1"/>
				<Option compiler="gcc"/>
				<Compiler>
					<Add directory="/Users/emmaboehly/Documents/Bachelor2/Programmation/Projet_Bacteries/src"/>
					<Add directory="/Users/emmaboehly/Documents/Bachelor2/Programmation/Projet_Bacteries/src/../extlib/Catch/include"/>
					<Add directory="/Users/emmaboehly/Documents/Bachelor2/Programmation/Projet_Bacteries/src/Tests"/>
					<Add directory="/usr/local/include"/>
					<Add directory="/Applications/Xcode.app/Contents/Developer/Toolchains/XcodeDefault.xctoolchain/usr/bin/../include/c++/v1"/>
					<Add directory="/Applications/Xcode.app/Contents/Developer/Toolchains/XcodeDefault.xctoolchain/usr/lib/clang/11.0.3/include"/>
					<Add directory="/Applications/Xcode.app/Contents/Developer/Platforms/MacOSX.platform/Developer/SDKs/MacOSX.sdk/usr/include"/>
					<Add directory="/Applications/Xcode.app/Contents/Developer/Toolchains/XcodeDefault.xctoolchain/usr/include"/>
					<Add directory="/Applications/Xcode.app/Contents/Developer/Platforms/MacOSX.platform/Developer/SDKs/MacOSX.sdk/System/Library/Frameworks"/>
				</Compiler>
				<MakeCommands>
					<Build command="/usr/bin/make -j4 -f &quot;/Users/emmaboehly/Documents/Bachelor2/Programmation/Projet_Bacteries/build-src-Desktop_Qt_5_14_1_clang_64bit-Debug/Makefile&quot;  VERBOSE=1 swarmTest"/>
					<CompileFile command="/usr/bin/make -j4 -f &quot;/Users/emmaboehly/Documents/Bachelor2/Programmation/Projet_Bacteries/build-src-Desktop_Qt_5_14_1_clang_64bit-Debug/Makefile&quot;  VERBOSE=1 &quot;$file&quot;"/>
					<Clean command="/usr/bin/make -j4 -f &quot;/Users/emmaboehly/Documents/Bachelor2/Programmation/Projet_Bacteries/build-src-Desktop_Qt_5_14_1_clang_64bit-Debug/Makefile&quot;  VERBOSE=1 clean"/>
					<DistClean command="/usr/bin/make -j4 -f &quot;/Users/emmaboehly/Documents/Bachelor2/Programmation/Projet_Bacteries/build-src-Desktop_Qt_5_14_1_clang_64bit-Debug/Makefile&quot;  VERBOSE=1 clean"/>
				</MakeCommands>
			</Target>
			<Target title="swarmTest/fast">
				<Option output="/Users/emmaboehly/Documents/Bachelor2/Programmation/Projet_Bacteries/build-src-Desktop_Qt_5_14_1_clang_64bit-Debug/swarmTest" prefix_auto="0" extension_auto="0"/>
				<Option working_dir="/Users/emmaboehly/Documents/Bachelor2/Programmation/Projet_Bacteries/build-src-Desktop_Qt_5_14_1_clang_64bit-Debug"/>
				<Option object_output="./"/>
				<Option type="1"/>
				<Option compiler="gcc"/>
				<Compiler>
					<Add directory="/Users/emmaboehly/Documents/Bachelor2/Programmation/Projet_Bacteries/src"/>
					<Add directory="/Users/emmaboehly/Documents/Bachelor2/Programmation/Projet_Bacteries/src/../extlib/Catch/include"/>
					<Add directory="/Users/emmaboehly/Documents/Bachelor2/Programmation/Projet_Bacteries/src/Tests"/>
					<Add directory="/usr/local/include"/>
					<Add directory="/Applications/Xcode.app/Contents/Developer/Toolchains/XcodeDefault.xctoolchain/usr/bin/../include/c++/v1"/>
					<Add directory="/Applications/Xcode.app/Contents/Developer/Toolchains/XcodeDefault.xctoolchain/usr/lib/clang/11.0.3/include"/>
					<Add directory="/Applications/Xcode.app/Contents/Developer/Platforms/MacOSX.platform/Developer/SDKs/MacOSX.sdk/usr/include"/>
					<Add directory="/Applications/Xcode.app/Contents/Developer/Toolchains/XcodeDefault.xctoolchain/usr/include"/>
					<Add directory="/Applications/Xcode.app/Contents/Developer/Platforms/MacOSX.platform/Developer/SDKs/MacOSX.sdk/System/Library/Frameworks"/>
				</Compiler>
				<MakeCommands>
					<Build command="/usr/bin/make -j4 -f &quot;/Users/emmaboehly/Documents/Bachelor2/Programmation/Projet_Bacteries/build-src-Desktop_Qt_5_14_1_clang_64bit-Debug/Makefile&quot;  VERBOSE=1 swarmTest/fast"/>
					<CompileFile command="/usr/bin/make -j4 -f &quot;/Users/emmaboehly/Documents/Bachelor2/Programmation/Projet_Bacteries/build-src-Desktop_Qt_5_14_1_clang_64bit-Debug/Makefile&quot;  VERBOSE=1 &quot;$file&quot;"/>
					<Clean command="/usr/bin/make -j4 -f &quot;/Users/emmaboehly/Documents/Bachelor2/Programmation/Projet_Bacteries/build-src-Desktop_Qt_5_14_1_clang_64bit-Debug/Makefile&quot;  VERBOSE=1 clean"/>
					<DistClean command="/usr/bin/make -j4 -f &quot;/Users/emmaboehly/Documents/Bachelor2/Programmation/Projet_Bacteries/build-src-Desktop_Qt_5_14_1_clang_64bit-Debug/Makefile&quot;  VERBOSE=1 clean"/>
				</MakeCommands>
			</Target>
			<Target title="circularBodyTest">
				<Option output="/Users/emmaboehly/Documents/Bachelor2/Programmation/Projet_Bacteries/build-src-Desktop_Qt_5_14_1_clang_64bit-Debug/circularBodyTest" prefix_auto="0" extension_auto="0"/>
				<Option working_dir="/Users/emmaboehly/Documents/Bachelor2/Programmation/Projet_Bacteries/build-src-Desktop_Qt_5_14_1_clang_64bit-Debug"/>
				<Option object_output="./"/>
				<Option type="1"/>
				<Option compiler="gcc"/>
				<Compiler>
					<Add directory="/Users/emmaboehly/Documents/Bachelor2/Programmation/Projet_Bacteries/src"/>
					<Add directory="/Users/emmaboehly/Documents/Bachelor2/Programmation/Projet_Bacteries/src/../extlib/Catch/include"/>
					<Add directory="/Users/emmaboehly/Documents/Bachelor2/Programmation/Projet_Bacteries/src/Tests"/>
					<Add directory="/usr/local/include"/>
					<Add directory="/Applications/Xcode.app/Contents/Developer/Toolchains/XcodeDefault.xctoolchain/usr/bin/../include/c++/v1"/>
					<Add directory="/Applications/Xcode.app/Contents/Developer/Toolchains/XcodeDefault.xctoolchain/usr/lib/clang/11.0.3/include"/>
					<Add directory="/Applications/Xcode.app/Contents/Developer/Platforms/MacOSX.platform/Developer/SDKs/MacOSX.sdk/usr/include"/>
					<Add directory="/Applications/Xcode.app/Contents/Developer/Toolchains/XcodeDefault.xctoolchain/usr/include"/>
					<Add directory="/Applications/Xcode.app/Contents/Developer/Platforms/MacOSX.platform/Developer/SDKs/MacOSX.sdk/System/Library/Frameworks"/>
				</Compiler>
				<MakeCommands>
					<Build command="/usr/bin/make -j4 -f &quot;/Users/emmaboehly/Documents/Bachelor2/Programmation/Projet_Bacteries/build-src-Desktop_Qt_5_14_1_clang_64bit-Debug/Makefile&quot;  VERBOSE=1 circularBodyTest"/>
					<CompileFile command="/usr/bin/make -j4 -f &quot;/Users/emmaboehly/Documents/Bachelor2/Programmation/Projet_Bacteries/build-src-Desktop_Qt_5_14_1_clang_64bit-Debug/Makefile&quot;  VERBOSE=1 &quot;$file&quot;"/>
					<Clean command="/usr/bin/make -j4 -f &quot;/Users/emmaboehly/Documents/Bachelor2/Programmation/Projet_Bacteries/build-src-Desktop_Qt_5_14_1_clang_64bit-Debug/Makefile&quot;  VERBOSE=1 clean"/>
					<DistClean command="/usr/bin/make -j4 -f &quot;/Users/emmaboehly/Documents/Bachelor2/Programmation/Projet_Bacteries/build-src-Desktop_Qt_5_14_1_clang_64bit-Debug/Makefile&quot;  VERBOSE=1 clean"/>
				</MakeCommands>
			</Target>
			<Target title="circularBodyTest/fast">
				<Option output="/Users/emmaboehly/Documents/Bachelor2/Programmation/Projet_Bacteries/build-src-Desktop_Qt_5_14_1_clang_64bit-Debug/circularBodyTest" prefix_auto="0" extension_auto="0"/>
				<Option working_dir="/Users/emmaboehly/Documents/Bachelor2/Programmation/Projet_Bacteries/build-src-Desktop_Qt_5_14_1_clang_64bit-Debug"/>
				<Option object_output="./"/>
				<Option type="1"/>
				<Option compiler="gcc"/>
				<Compiler>
					<Add directory="/Users/emmaboehly/Documents/Bachelor2/Programmation/Projet_Bacteries/src"/>
					<Add directory="/Users/emmaboehly/Documents/Bachelor2/Programmation/Projet_Bacteries/src/../extlib/Catch/include"/>
					<Add directory="/Users/emmaboehly/Documents/Bachelor2/Programmation/Projet_Bacteries/src/Tests"/>
					<Add directory="/usr/local/include"/>
					<Add directory="/Applications/Xcode.app/Contents/Developer/Toolchains/XcodeDefault.xctoolchain/usr/bin/../include/c++/v1"/>
					<Add directory="/Applications/Xcode.app/Contents/Developer/Toolchains/XcodeDefault.xctoolchain/usr/lib/clang/11.0.3/include"/>
					<Add directory="/Applications/Xcode.app/Contents/Developer/Platforms/MacOSX.platform/Developer/SDKs/MacOSX.sdk/usr/include"/>
					<Add directory="/Applications/Xcode.app/Contents/Developer/Toolchains/XcodeDefault.xctoolchain/usr/include"/>
					<Add directory="/Applications/Xcode.app/Contents/Developer/Platforms/MacOSX.platform/Developer/SDKs/MacOSX.sdk/System/Library/Frameworks"/>
				</Compiler>
				<MakeCommands>
					<Build command="/usr/bin/make -j4 -f &quot;/Users/emmaboehly/Documents/Bachelor2/Programmation/Projet_Bacteries/build-src-Desktop_Qt_5_14_1_clang_64bit-Debug/Makefile&quot;  VERBOSE=1 circularBodyTest/fast"/>
					<CompileFile command="/usr/bin/make -j4 -f &quot;/Users/emmaboehly/Documents/Bachelor2/Programmation/Projet_Bacteries/build-src-Desktop_Qt_5_14_1_clang_64bit-Debug/Makefile&quot;  VERBOSE=1 &quot;$file&quot;"/>
					<Clean command="/usr/bin/make -j4 -f &quot;/Users/emmaboehly/Documents/Bachelor2/Programmation/Projet_Bacteries/build-src-Desktop_Qt_5_14_1_clang_64bit-Debug/Makefile&quot;  VERBOSE=1 clean"/>
					<DistClean command="/usr/bin/make -j4 -f &quot;/Users/emmaboehly/Documents/Bachelor2/Programmation/Projet_Bacteries/build-src-Desktop_Qt_5_14_1_clang_64bit-Debug/Makefile&quot;  VERBOSE=1 clean"/>
				</MakeCommands>
			</Target>
			<Target title="application">
				<Option output="/Users/emmaboehly/Documents/Bachelor2/Programmation/Projet_Bacteries/build-src-Desktop_Qt_5_14_1_clang_64bit-Debug/application" prefix_auto="0" extension_auto="0"/>
				<Option working_dir="/Users/emmaboehly/Documents/Bachelor2/Programmation/Projet_Bacteries/build-src-Desktop_Qt_5_14_1_clang_64bit-Debug"/>
				<Option object_output="./"/>
				<Option type="1"/>
				<Option compiler="gcc"/>
				<Compiler>
					<Add directory="/Users/emmaboehly/Documents/Bachelor2/Programmation/Projet_Bacteries/src"/>
					<Add directory="/Users/emmaboehly/Documents/Bachelor2/Programmation/Projet_Bacteries/src/../extlib/Catch/include"/>
					<Add directory="/Users/emmaboehly/Documents/Bachelor2/Programmation/Projet_Bacteries/src/Tests"/>
					<Add directory="/usr/local/include"/>
					<Add directory="/Applications/Xcode.app/Contents/Developer/Toolchains/XcodeDefault.xctoolchain/usr/bin/../include/c++/v1"/>
					<Add directory="/Applications/Xcode.app/Contents/Developer/Toolchains/XcodeDefault.xctoolchain/usr/lib/clang/11.0.3/include"/>
					<Add directory="/Applications/Xcode.app/Contents/Developer/Platforms/MacOSX.platform/Developer/SDKs/MacOSX.sdk/usr/include"/>
					<Add directory="/Applications/Xcode.app/Contents/Developer/Toolchains/XcodeDefault.xctoolchain/usr/include"/>
					<Add directory="/Applications/Xcode.app/Contents/Developer/Platforms/MacOSX.platform/Developer/SDKs/MacOSX.sdk/System/Library/Frameworks"/>
				</Compiler>
				<MakeCommands>
					<Build command="/usr/bin/make -j4 -f &quot;/Users/emmaboehly/Documents/Bachelor2/Programmation/Projet_Bacteries/build-src-Desktop_Qt_5_14_1_clang_64bit-Debug/Makefile&quot;  VERBOSE=1 application"/>
					<CompileFile command="/usr/bin/make -j4 -f &quot;/Users/emmaboehly/Documents/Bachelor2/Programmation/Projet_Bacteries/build-src-Desktop_Qt_5_14_1_clang_64bit-Debug/Makefile&quot;  VERBOSE=1 &quot;$file&quot;"/>
					<Clean command="/usr/bin/make -j4 -f &quot;/Users/emmaboehly/Documents/Bachelor2/Programmation/Projet_Bacteries/build-src-Desktop_Qt_5_14_1_clang_64bit-Debug/Makefile&quot;  VERBOSE=1 clean"/>
					<DistClean command="/usr/bin/make -j4 -f &quot;/Users/emmaboehly/Documents/Bachelor2/Programmation/Projet_Bacteries/build-src-Desktop_Qt_5_14_1_clang_64bit-Debug/Makefile&quot;  VERBOSE=1 clean"/>
				</MakeCommands>
			</Target>
			<Target title="application/fast">
				<Option output="/Users/emmaboehly/Documents/Bachelor2/Programmation/Projet_Bacteries/build-src-Desktop_Qt_5_14_1_clang_64bit-Debug/application" prefix_auto="0" extension_auto="0"/>
				<Option working_dir="/Users/emmaboehly/Documents/Bachelor2/Programmation/Projet_Bacteries/build-src-Desktop_Qt_5_14_1_clang_64bit-Debug"/>
				<Option object_output="./"/>
				<Option type="1"/>
				<Option compiler="gcc"/>
				<Compiler>
					<Add directory="/Users/emmaboehly/Documents/Bachelor2/Programmation/Projet_Bacteries/src"/>
					<Add directory="/Users/emmaboehly/Documents/Bachelor2/Programmation/Projet_Bacteries/src/../extlib/Catch/include"/>
					<Add directory="/Users/emmaboehly/Documents/Bachelor2/Programmation/Projet_Bacteries/src/Tests"/>
					<Add directory="/usr/local/include"/>
					<Add directory="/Applications/Xcode.app/Contents/Developer/Toolchains/XcodeDefault.xctoolchain/usr/bin/../include/c++/v1"/>
					<Add directory="/Applications/Xcode.app/Contents/Developer/Toolchains/XcodeDefault.xctoolchain/usr/lib/clang/11.0.3/include"/>
					<Add directory="/Applications/Xcode.app/Contents/Developer/Platforms/MacOSX.platform/Developer/SDKs/MacOSX.sdk/usr/include"/>
					<Add directory="/Applications/Xcode.app/Contents/Developer/Toolchains/XcodeDefault.xctoolchain/usr/include"/>
					<Add directory="/Applications/Xcode.app/Contents/Developer/Platforms/MacOSX.platform/Developer/SDKs/MacOSX.sdk/System/Library/Frameworks"/>
				</Compiler>
				<MakeCommands>
					<Build command="/usr/bin/make -j4 -f &quot;/Users/emmaboehly/Documents/Bachelor2/Programmation/Projet_Bacteries/build-src-Desktop_Qt_5_14_1_clang_64bit-Debug/Makefile&quot;  VERBOSE=1 application/fast"/>
					<CompileFile command="/usr/bin/make -j4 -f &quot;/Users/emmaboehly/Documents/Bachelor2/Programmation/Projet_Bacteries/build-src-Desktop_Qt_5_14_1_clang_64bit-Debug/Makefile&quot;  VERBOSE=1 &quot;$file&quot;"/>
					<Clean command="/usr/bin/make -j4 -f &quot;/Users/emmaboehly/Documents/Bachelor2/Programmation/Projet_Bacteries/build-src-Desktop_Qt_5_14_1_clang_64bit-Debug/Makefile&quot;  VERBOSE=1 clean"/>
					<DistClean command="/usr/bin/make -j4 -f &quot;/Users/emmaboehly/Documents/Bachelor2/Programmation/Projet_Bacteries/build-src-Desktop_Qt_5_14_1_clang_64bit-Debug/Makefile&quot;  VERBOSE=1 clean"/>
				</MakeCommands>
			</Target>
		</Build>
		<Unit filename="/Users/emmaboehly/Documents/Bachelor2/Programmation/Projet_Bacteries/extlib/Catch/include/catch.hpp">
			<Option target="vec2dTest"/>
			<Option target="mutableTest"/>
			<Option target="circularBodyTest"/>
		</Unit>
		<Unit filename="/Users/emmaboehly/Documents/Bachelor2/Programmation/Projet_Bacteries/src/Application.cpp">
			<Option target="nutrimentTest"/>
			<Option target="simpleBactTest"/>
			<Option target="twitchingTest"/>
			<Option target="gripTest"/>
			<Option target="swarmTest"/>
			<Option target="application"/>
		</Unit>
		<Unit filename="/Users/emmaboehly/Documents/Bachelor2/Programmation/Projet_Bacteries/src/Application.hpp">
			<Option target="nutrimentTest"/>
			<Option target="simpleBactTest"/>
			<Option target="twitchingTest"/>
			<Option target="gripTest"/>
			<Option target="swarmTest"/>
			<Option target="application"/>
		</Unit>
		<Unit filename="/Users/emmaboehly/Documents/Bachelor2/Programmation/Projet_Bacteries/src/Config.cpp">
			<Option target="nutrimentTest"/>
			<Option target="simpleBactTest"/>
			<Option target="twitchingTest"/>
			<Option target="gripTest"/>
			<Option target="swarmTest"/>
			<Option target="application"/>
		</Unit>
		<Unit filename="/Users/emmaboehly/Documents/Bachelor2/Programmation/Projet_Bacteries/src/Config.hpp">
			<Option target="nutrimentTest"/>
			<Option target="simpleBactTest"/>
			<Option target="twitchingTest"/>
			<Option target="gripTest"/>
			<Option target="swarmTest"/>
			<Option target="application"/>
		</Unit>
		<Unit filename="/Users/emmaboehly/Documents/Bachelor2/Programmation/Projet_Bacteries/src/Interface/Drawable.hpp">
			<Option target="nutrimentTest"/>
			<Option target="simpleBactTest"/>
			<Option target="twitchingTest"/>
			<Option target="gripTest"/>
			<Option target="swarmTest"/>
			<Option target="application"/>
		</Unit>
		<Unit filename="/Users/emmaboehly/Documents/Bachelor2/Programmation/Projet_Bacteries/src/Interface/Updatable.hpp">
			<Option target="nutrimentTest"/>
			<Option target="simpleBactTest"/>
			<Option target="twitchingTest"/>
			<Option target="gripTest"/>
			<Option target="swarmTest"/>
			<Option target="application"/>
		</Unit>
		<Unit filename="/Users/emmaboehly/Documents/Bachelor2/Programmation/Projet_Bacteries/src/JSON/JSON.cpp">
			<Option target="nutrimentTest"/>
			<Option target="simpleBactTest"/>
			<Option target="twitchingTest"/>
			<Option target="vec2dTest"/>
			<Option target="gripTest"/>
			<Option target="mutableTest"/>
			<Option target="swarmTest"/>
			<Option target="circularBodyTest"/>
			<Option target="application"/>
		</Unit>
		<Unit filename="/Users/emmaboehly/Documents/Bachelor2/Programmation/Projet_Bacteries/src/JSON/JSON.hpp">
			<Option target="nutrimentTest"/>
			<Option target="simpleBactTest"/>
			<Option target="twitchingTest"/>
			<Option target="vec2dTest"/>
			<Option target="gripTest"/>
			<Option target="mutableTest"/>
			<Option target="swarmTest"/>
			<Option target="circularBodyTest"/>
			<Option target="application"/>
		</Unit>
		<Unit filename="/Users/emmaboehly/Documents/Bachelor2/Programmation/Projet_Bacteries/src/JSON/JSONImpl.cpp">
			<Option target="nutrimentTest"/>
			<Option target="simpleBactTest"/>
			<Option target="twitchingTest"/>
			<Option target="vec2dTest"/>
			<Option target="gripTest"/>
			<Option target="mutableTest"/>
			<Option target="swarmTest"/>
			<Option target="circularBodyTest"/>
			<Option target="application"/>
		</Unit>
		<Unit filename="/Users/emmaboehly/Documents/Bachelor2/Programmation/Projet_Bacteries/src/JSON/JSONImpl.hpp">
			<Option target="nutrimentTest"/>
			<Option target="simpleBactTest"/>
			<Option target="twitchingTest"/>
			<Option target="vec2dTest"/>
			<Option target="gripTest"/>
			<Option target="mutableTest"/>
			<Option target="swarmTest"/>
			<Option target="circularBodyTest"/>
			<Option target="application"/>
		</Unit>
		<Unit filename="/Users/emmaboehly/Documents/Bachelor2/Programmation/Projet_Bacteries/src/JSON/JSONSerialiser.cpp">
			<Option target="nutrimentTest"/>
			<Option target="simpleBactTest"/>
			<Option target="twitchingTest"/>
			<Option target="vec2dTest"/>
			<Option target="gripTest"/>
			<Option target="mutableTest"/>
			<Option target="swarmTest"/>
			<Option target="circularBodyTest"/>
			<Option target="application"/>
		</Unit>
		<Unit filename="/Users/emmaboehly/Documents/Bachelor2/Programmation/Projet_Bacteries/src/JSON/JSONSerialiser.hpp">
			<Option target="nutrimentTest"/>
			<Option target="simpleBactTest"/>
			<Option target="twitchingTest"/>
			<Option target="vec2dTest"/>
			<Option target="gripTest"/>
			<Option target="mutableTest"/>
			<Option target="swarmTest"/>
			<Option target="circularBodyTest"/>
			<Option target="application"/>
		</Unit>
		<Unit filename="/Users/emmaboehly/Documents/Bachelor2/Programmation/Projet_Bacteries/src/Lab/Bacterium.cpp">
			<Option target="nutrimentTest"/>
			<Option target="simpleBactTest"/>
			<Option target="twitchingTest"/>
			<Option target="gripTest"/>
			<Option target="swarmTest"/>
			<Option target="application"/>
		</Unit>
		<Unit filename="/Users/emmaboehly/Documents/Bachelor2/Programmation/Projet_Bacteries/src/Lab/Bacterium.hpp">
			<Option target="nutrimentTest"/>
			<Option target="simpleBactTest"/>
			<Option target="twitchingTest"/>
			<Option target="gripTest"/>
			<Option target="swarmTest"/>
			<Option target="application"/>
		</Unit>
		<Unit filename="/Users/emmaboehly/Documents/Bachelor2/Programmation/Projet_Bacteries/src/Lab/CircularBody.cpp">
			<Option target="nutrimentTest"/>
			<Option target="simpleBactTest"/>
			<Option target="twitchingTest"/>
			<Option target="gripTest"/>
			<Option target="mutableTest"/>
			<Option target="swarmTest"/>
			<Option target="circularBodyTest"/>
			<Option target="application"/>
		</Unit>
		<Unit filename="/Users/emmaboehly/Documents/Bachelor2/Programmation/Projet_Bacteries/src/Lab/CircularBody.hpp">
			<Option target="nutrimentTest"/>
			<Option target="simpleBactTest"/>
			<Option target="twitchingTest"/>
			<Option target="gripTest"/>
			<Option target="mutableTest"/>
			<Option target="swarmTest"/>
			<Option target="circularBodyTest"/>
			<Option target="application"/>
		</Unit>
		<Unit filename="/Users/emmaboehly/Documents/Bachelor2/Programmation/Projet_Bacteries/src/Lab/Grip.cpp">
			<Option target="nutrimentTest"/>
			<Option target="simpleBactTest"/>
			<Option target="twitchingTest"/>
			<Option target="gripTest"/>
			<Option target="swarmTest"/>
			<Option target="application"/>
		</Unit>
		<Unit filename="/Users/emmaboehly/Documents/Bachelor2/Programmation/Projet_Bacteries/src/Lab/Grip.hpp">
			<Option target="nutrimentTest"/>
			<Option target="simpleBactTest"/>
			<Option target="twitchingTest"/>
			<Option target="gripTest"/>
			<Option target="swarmTest"/>
			<Option target="application"/>
		</Unit>
		<Unit filename="/Users/emmaboehly/Documents/Bachelor2/Programmation/Projet_Bacteries/src/Lab/Lab.cpp">
			<Option target="nutrimentTest"/>
			<Option target="simpleBactTest"/>
			<Option target="twitchingTest"/>
			<Option target="gripTest"/>
			<Option target="swarmTest"/>
			<Option target="application"/>
		</Unit>
		<Unit filename="/Users/emmaboehly/Documents/Bachelor2/Programmation/Projet_Bacteries/src/Lab/Lab.hpp">
			<Option target="nutrimentTest"/>
			<Option target="simpleBactTest"/>
			<Option target="twitchingTest"/>
			<Option target="gripTest"/>
			<Option target="swarmTest"/>
			<Option target="application"/>
		</Unit>
		<Unit filename="/Users/emmaboehly/Documents/Bachelor2/Programmation/Projet_Bacteries/src/Lab/Nutriment.cpp">
			<Option target="nutrimentTest"/>
			<Option target="simpleBactTest"/>
			<Option target="twitchingTest"/>
			<Option target="gripTest"/>
			<Option target="swarmTest"/>
			<Option target="application"/>
		</Unit>
		<Unit filename="/Users/emmaboehly/Documents/Bachelor2/Programmation/Projet_Bacteries/src/Lab/Nutriment.hpp">
			<Option target="nutrimentTest"/>
			<Option target="simpleBactTest"/>
			<Option target="twitchingTest"/>
			<Option target="gripTest"/>
			<Option target="swarmTest"/>
			<Option target="application"/>
		</Unit>
		<Unit filename="/Users/emmaboehly/Documents/Bachelor2/Programmation/Projet_Bacteries/src/Lab/NutrimentA.cpp">
			<Option target="nutrimentTest"/>
			<Option target="simpleBactTest"/>
			<Option target="twitchingTest"/>
			<Option target="gripTest"/>
			<Option target="swarmTest"/>
			<Option target="application"/>
		</Unit>
		<Unit filename="/Users/emmaboehly/Documents/Bachelor2/Programmation/Projet_Bacteries/src/Lab/NutrimentA.hpp">
			<Option target="nutrimentTest"/>
			<Option target="simpleBactTest"/>
			<Option target="twitchingTest"/>
			<Option target="gripTest"/>
			<Option target="swarmTest"/>
			<Option target="application"/>
		</Unit>
		<Unit filename="/Users/emmaboehly/Documents/Bachelor2/Programmation/Projet_Bacteries/src/Lab/NutrimentB.cpp">
			<Option target="nutrimentTest"/>
			<Option target="simpleBactTest"/>
			<Option target="twitchingTest"/>
			<Option target="gripTest"/>
			<Option target="swarmTest"/>
			<Option target="application"/>
		</Unit>
		<Unit filename="/Users/emmaboehly/Documents/Bachelor2/Programmation/Projet_Bacteries/src/Lab/NutrimentB.hpp">
			<Option target="nutrimentTest"/>
			<Option target="simpleBactTest"/>
			<Option target="twitchingTest"/>
			<Option target="gripTest"/>
			<Option target="swarmTest"/>
			<Option target="application"/>
		</Unit>
		<Unit filename="/Users/emmaboehly/Documents/Bachelor2/Programmation/Projet_Bacteries/src/Lab/NutrimentGenerator.cpp">
			<Option target="nutrimentTest"/>
			<Option target="simpleBactTest"/>
			<Option target="twitchingTest"/>
			<Option target="gripTest"/>
			<Option target="swarmTest"/>
			<Option target="application"/>
		</Unit>
		<Unit filename="/Users/emmaboehly/Documents/Bachelor2/Programmation/Projet_Bacteries/src/Lab/NutrimentGenerator.hpp">
			<Option target="nutrimentTest"/>
			<Option target="simpleBactTest"/>
			<Option target="twitchingTest"/>
			<Option target="gripTest"/>
			<Option target="swarmTest"/>
			<Option target="application"/>
		</Unit>
		<Unit filename="/Users/emmaboehly/Documents/Bachelor2/Programmation/Projet_Bacteries/src/Lab/PetriDish.cpp">
			<Option target="nutrimentTest"/>
			<Option target="simpleBactTest"/>
			<Option target="twitchingTest"/>
			<Option target="gripTest"/>
			<Option target="swarmTest"/>
			<Option target="application"/>
		</Unit>
		<Unit filename="/Users/emmaboehly/Documents/Bachelor2/Programmation/Projet_Bacteries/src/Lab/PetriDish.hpp">
			<Option target="nutrimentTest"/>
			<Option target="simpleBactTest"/>
			<Option target="twitchingTest"/>
			<Option target="gripTest"/>
			<Option target="swarmTest"/>
			<Option target="application"/>
		</Unit>
		<Unit filename="/Users/emmaboehly/Documents/Bachelor2/Programmation/Projet_Bacteries/src/Lab/Poison.cpp">
			<Option target="nutrimentTest"/>
			<Option target="simpleBactTest"/>
			<Option target="twitchingTest"/>
			<Option target="gripTest"/>
			<Option target="swarmTest"/>
			<Option target="application"/>
		</Unit>
		<Unit filename="/Users/emmaboehly/Documents/Bachelor2/Programmation/Projet_Bacteries/src/Lab/Poison.hpp">
			<Option target="nutrimentTest"/>
			<Option target="simpleBactTest"/>
			<Option target="twitchingTest"/>
			<Option target="gripTest"/>
			<Option target="swarmTest"/>
			<Option target="application"/>
		</Unit>
		<Unit filename="/Users/emmaboehly/Documents/Bachelor2/Programmation/Projet_Bacteries/src/Lab/PoisonBacterium.cpp">
			<Option target="nutrimentTest"/>
			<Option target="simpleBactTest"/>
			<Option target="twitchingTest"/>
			<Option target="gripTest"/>
			<Option target="swarmTest"/>
			<Option target="application"/>
		</Unit>
		<Unit filename="/Users/emmaboehly/Documents/Bachelor2/Programmation/Projet_Bacteries/src/Lab/PoisonBacterium.hpp">
			<Option target="nutrimentTest"/>
			<Option target="simpleBactTest"/>
			<Option target="twitchingTest"/>
			<Option target="gripTest"/>
			<Option target="swarmTest"/>
			<Option target="application"/>
		</Unit>
		<Unit filename="/Users/emmaboehly/Documents/Bachelor2/Programmation/Projet_Bacteries/src/Lab/SimpleBacterium.cpp">
			<Option target="nutrimentTest"/>
			<Option target="simpleBactTest"/>
			<Option target="twitchingTest"/>
			<Option target="gripTest"/>
			<Option target="swarmTest"/>
			<Option target="application"/>
		</Unit>
		<Unit filename="/Users/emmaboehly/Documents/Bachelor2/Programmation/Projet_Bacteries/src/Lab/SimpleBacterium.hpp">
			<Option target="nutrimentTest"/>
			<Option target="simpleBactTest"/>
			<Option target="twitchingTest"/>
			<Option target="gripTest"/>
			<Option target="swarmTest"/>
			<Option target="application"/>
		</Unit>
		<Unit filename="/Users/emmaboehly/Documents/Bachelor2/Programmation/Projet_Bacteries/src/Lab/Swarm.cpp">
			<Option target="nutrimentTest"/>
			<Option target="simpleBactTest"/>
			<Option target="twitchingTest"/>
			<Option target="gripTest"/>
			<Option target="swarmTest"/>
			<Option target="application"/>
		</Unit>
		<Unit filename="/Users/emmaboehly/Documents/Bachelor2/Programmation/Projet_Bacteries/src/Lab/Swarm.hpp">
			<Option target="nutrimentTest"/>
			<Option target="simpleBactTest"/>
			<Option target="twitchingTest"/>
			<Option target="gripTest"/>
			<Option target="swarmTest"/>
			<Option target="application"/>
		</Unit>
		<Unit filename="/Users/emmaboehly/Documents/Bachelor2/Programmation/Projet_Bacteries/src/Lab/SwarmBacterium.cpp">
			<Option target="nutrimentTest"/>
			<Option target="simpleBactTest"/>
			<Option target="twitchingTest"/>
			<Option target="gripTest"/>
			<Option target="swarmTest"/>
			<Option target="application"/>
		</Unit>
		<Unit filename="/Users/emmaboehly/Documents/Bachelor2/Programmation/Projet_Bacteries/src/Lab/SwarmBacterium.hpp">
			<Option target="nutrimentTest"/>
			<Option target="simpleBactTest"/>
			<Option target="twitchingTest"/>
			<Option target="gripTest"/>
			<Option target="swarmTest"/>
			<Option target="application"/>
		</Unit>
		<Unit filename="/Users/emmaboehly/Documents/Bachelor2/Programmation/Projet_Bacteries/src/Lab/TwitchingBacterium.cpp">
			<Option target="nutrimentTest"/>
			<Option target="simpleBactTest"/>
			<Option target="twitchingTest"/>
			<Option target="gripTest"/>
			<Option target="swarmTest"/>
			<Option target="application"/>
		</Unit>
		<Unit filename="/Users/emmaboehly/Documents/Bachelor2/Programmation/Projet_Bacteries/src/Lab/TwitchingBacterium.hpp">
			<Option target="nutrimentTest"/>
			<Option target="simpleBactTest"/>
			<Option target="twitchingTest"/>
			<Option target="gripTest"/>
			<Option target="swarmTest"/>
			<Option target="application"/>
		</Unit>
		<Unit filename="/Users/emmaboehly/Documents/Bachelor2/Programmation/Projet_Bacteries/src/Random/Random.cpp">
			<Option target="nutrimentTest"/>
			<Option target="simpleBactTest"/>
			<Option target="twitchingTest"/>
			<Option target="vec2dTest"/>
			<Option target="gripTest"/>
			<Option target="mutableTest"/>
			<Option target="swarmTest"/>
			<Option target="circularBodyTest"/>
			<Option target="application"/>
		</Unit>
		<Unit filename="/Users/emmaboehly/Documents/Bachelor2/Programmation/Projet_Bacteries/src/Random/Random.hpp">
			<Option target="nutrimentTest"/>
			<Option target="simpleBactTest"/>
			<Option target="twitchingTest"/>
			<Option target="vec2dTest"/>
			<Option target="gripTest"/>
			<Option target="mutableTest"/>
			<Option target="swarmTest"/>
			<Option target="circularBodyTest"/>
			<Option target="application"/>
		</Unit>
		<Unit filename="/Users/emmaboehly/Documents/Bachelor2/Programmation/Projet_Bacteries/src/Random/RandomGenerator.cpp">
			<Option target="nutrimentTest"/>
			<Option target="simpleBactTest"/>
			<Option target="twitchingTest"/>
			<Option target="vec2dTest"/>
			<Option target="gripTest"/>
			<Option target="mutableTest"/>
			<Option target="swarmTest"/>
			<Option target="circularBodyTest"/>
			<Option target="application"/>
		</Unit>
		<Unit filename="/Users/emmaboehly/Documents/Bachelor2/Programmation/Projet_Bacteries/src/Random/RandomGenerator.hpp">
			<Option target="nutrimentTest"/>
			<Option target="simpleBactTest"/>
			<Option target="twitchingTest"/>
			<Option target="vec2dTest"/>
			<Option target="gripTest"/>
			<Option target="mutableTest"/>
			<Option target="swarmTest"/>
			<Option target="circularBodyTest"/>
			<Option target="application"/>
		</Unit>
		<Unit filename="/Users/emmaboehly/Documents/Bachelor2/Programmation/Projet_Bacteries/src/Stats/Graph.cpp">
			<Option target="nutrimentTest"/>
			<Option target="simpleBactTest"/>
			<Option target="twitchingTest"/>
			<Option target="gripTest"/>
			<Option target="swarmTest"/>
			<Option target="application"/>
		</Unit>
		<Unit filename="/Users/emmaboehly/Documents/Bachelor2/Programmation/Projet_Bacteries/src/Stats/Graph.hpp">
			<Option target="nutrimentTest"/>
			<Option target="simpleBactTest"/>
			<Option target="twitchingTest"/>
			<Option target="gripTest"/>
			<Option target="swarmTest"/>
			<Option target="application"/>
		</Unit>
		<Unit filename="/Users/emmaboehly/Documents/Bachelor2/Programmation/Projet_Bacteries/src/Stats/Stats.cpp">
			<Option target="nutrimentTest"/>
			<Option target="simpleBactTest"/>
			<Option target="twitchingTest"/>
			<Option target="gripTest"/>
			<Option target="swarmTest"/>
			<Option target="application"/>
		</Unit>
		<Unit filename="/Users/emmaboehly/Documents/Bachelor2/Programmation/Projet_Bacteries/src/Stats/Stats.hpp">
			<Option target="nutrimentTest"/>
			<Option target="simpleBactTest"/>
			<Option target="twitchingTest"/>
			<Option target="gripTest"/>
			<Option target="swarmTest"/>
			<Option target="application"/>
		</Unit>
		<Unit filename="/Users/emmaboehly/Documents/Bachelor2/Programmation/Projet_Bacteries/src/Tests/GraphicalTests/FinalApplication.cpp">
			<Option target="application"/>
		</Unit>
		<Unit filename="/Users/emmaboehly/Documents/Bachelor2/Programmation/Projet_Bacteries/src/Tests/GraphicalTests/FinalApplication.hpp">
			<Option target="application"/>
		</Unit>
		<Unit filename="/Users/emmaboehly/Documents/Bachelor2/Programmation/Projet_Bacteries/src/Tests/GraphicalTests/GripTest.cpp">
			<Option target="gripTest"/>
		</Unit>
		<Unit filename="/Users/emmaboehly/Documents/Bachelor2/Programmation/Projet_Bacteries/src/Tests/GraphicalTests/NutrimentTest.cpp">
			<Option target="nutrimentTest"/>
		</Unit>
		<Unit filename="/Users/emmaboehly/Documents/Bachelor2/Programmation/Projet_Bacteries/src/Tests/GraphicalTests/SimpleBacteriaTest.cpp">
			<Option target="simpleBactTest"/>
		</Unit>
		<Unit filename="/Users/emmaboehly/Documents/Bachelor2/Programmation/Projet_Bacteries/src/Tests/GraphicalTests/SwarmBacteriaTest.cpp">
			<Option target="swarmTest"/>
		</Unit>
		<Unit filename="/Users/emmaboehly/Documents/Bachelor2/Programmation/Projet_Bacteries/src/Tests/GraphicalTests/TwitchingBacteriaTest.cpp">
			<Option target="twitchingTest"/>
		</Unit>
		<Unit filename="/Users/emmaboehly/Documents/Bachelor2/Programmation/Projet_Bacteries/src/Tests/UnitTests/CatchTests.cpp">
			<Option target="vec2dTest"/>
			<Option target="mutableTest"/>
			<Option target="circularBodyTest"/>
		</Unit>
		<Unit filename="/Users/emmaboehly/Documents/Bachelor2/Programmation/Projet_Bacteries/src/Tests/UnitTests/CheckUtility.hpp">
			<Option target="vec2dTest"/>
			<Option target="mutableTest"/>
			<Option target="circularBodyTest"/>
		</Unit>
		<Unit filename="/Users/emmaboehly/Documents/Bachelor2/Programmation/Projet_Bacteries/src/Tests/UnitTests/CircularBodyTest.cpp">
			<Option target="circularBodyTest"/>
		</Unit>
		<Unit filename="/Users/emmaboehly/Documents/Bachelor2/Programmation/Projet_Bacteries/src/Tests/UnitTests/MutablePropertyTest.cpp">
			<Option target="mutableTest"/>
		</Unit>
		<Unit filename="/Users/emmaboehly/Documents/Bachelor2/Programmation/Projet_Bacteries/src/Tests/UnitTests/Vec2dTest.cpp">
			<Option target="vec2dTest"/>
		</Unit>
		<Unit filename="/Users/emmaboehly/Documents/Bachelor2/Programmation/Projet_Bacteries/src/Utility/Constants.hpp">
			<Option target="nutrimentTest"/>
			<Option target="simpleBactTest"/>
			<Option target="twitchingTest"/>
			<Option target="vec2dTest"/>
			<Option target="gripTest"/>
			<Option target="mutableTest"/>
			<Option target="swarmTest"/>
			<Option target="circularBodyTest"/>
			<Option target="application"/>
		</Unit>
		<Unit filename="/Users/emmaboehly/Documents/Bachelor2/Programmation/Projet_Bacteries/src/Utility/DiffEqSolver.cpp">
			<Option target="nutrimentTest"/>
			<Option target="simpleBactTest"/>
			<Option target="twitchingTest"/>
			<Option target="vec2dTest"/>
			<Option target="gripTest"/>
			<Option target="mutableTest"/>
			<Option target="swarmTest"/>
			<Option target="circularBodyTest"/>
			<Option target="application"/>
		</Unit>
		<Unit filename="/Users/emmaboehly/Documents/Bachelor2/Programmation/Projet_Bacteries/src/Utility/DiffEqSolver.hpp">
			<Option target="nutrimentTest"/>
			<Option target="simpleBactTest"/>
			<Option target="twitchingTest"/>
			<Option target="vec2dTest"/>
			<Option target="gripTest"/>
			<Option target="mutableTest"/>
			<Option target="swarmTest"/>
			<Option target="circularBodyTest"/>
			<Option target="application"/>
		</Unit>
		<Unit filename="/Users/emmaboehly/Documents/Bachelor2/Programmation/Projet_Bacteries/src/Utility/MutableColor.cpp">
			<Option target="nutrimentTest"/>
			<Option target="simpleBactTest"/>
			<Option target="twitchingTest"/>
			<Option target="vec2dTest"/>
			<Option target="gripTest"/>
			<Option target="mutableTest"/>
			<Option target="swarmTest"/>
			<Option target="circularBodyTest"/>
			<Option target="application"/>
		</Unit>
		<Unit filename="/Users/emmaboehly/Documents/Bachelor2/Programmation/Projet_Bacteries/src/Utility/MutableColor.hpp">
			<Option target="nutrimentTest"/>
			<Option target="simpleBactTest"/>
			<Option target="twitchingTest"/>
			<Option target="vec2dTest"/>
			<Option target="gripTest"/>
			<Option target="mutableTest"/>
			<Option target="swarmTest"/>
			<Option target="circularBodyTest"/>
			<Option target="application"/>
		</Unit>
		<Unit filename="/Users/emmaboehly/Documents/Bachelor2/Programmation/Projet_Bacteries/src/Utility/MutableNumber.cpp">
			<Option target="nutrimentTest"/>
			<Option target="simpleBactTest"/>
			<Option target="twitchingTest"/>
			<Option target="vec2dTest"/>
			<Option target="gripTest"/>
			<Option target="mutableTest"/>
			<Option target="swarmTest"/>
			<Option target="circularBodyTest"/>
			<Option target="application"/>
		</Unit>
		<Unit filename="/Users/emmaboehly/Documents/Bachelor2/Programmation/Projet_Bacteries/src/Utility/MutableNumber.hpp">
			<Option target="nutrimentTest"/>
			<Option target="simpleBactTest"/>
			<Option target="twitchingTest"/>
			<Option target="vec2dTest"/>
			<Option target="gripTest"/>
			<Option target="mutableTest"/>
			<Option target="swarmTest"/>
			<Option target="circularBodyTest"/>
			<Option target="application"/>
		</Unit>
		<Unit filename="/Users/emmaboehly/Documents/Bachelor2/Programmation/Projet_Bacteries/src/Utility/Types.hpp">
			<Option target="nutrimentTest"/>
			<Option target="simpleBactTest"/>
			<Option target="twitchingTest"/>
			<Option target="vec2dTest"/>
			<Option target="gripTest"/>
			<Option target="mutableTest"/>
			<Option target="swarmTest"/>
			<Option target="circularBodyTest"/>
			<Option target="application"/>
		</Unit>
		<Unit filename="/Users/emmaboehly/Documents/Bachelor2/Programmation/Projet_Bacteries/src/Utility/Utility.cpp">
			<Option target="nutrimentTest"/>
			<Option target="simpleBactTest"/>
			<Option target="twitchingTest"/>
			<Option target="vec2dTest"/>
			<Option target="gripTest"/>
			<Option target="mutableTest"/>
			<Option target="swarmTest"/>
			<Option target="circularBodyTest"/>
			<Option target="application"/>
		</Unit>
		<Unit filename="/Users/emmaboehly/Documents/Bachelor2/Programmation/Projet_Bacteries/src/Utility/Utility.hpp">
			<Option target="nutrimentTest"/>
			<Option target="simpleBactTest"/>
			<Option target="twitchingTest"/>
			<Option target="vec2dTest"/>
			<Option target="gripTest"/>
			<Option target="mutableTest"/>
			<Option target="swarmTest"/>
			<Option target="circularBodyTest"/>
			<Option target="application"/>
		</Unit>
		<Unit filename="/Users/emmaboehly/Documents/Bachelor2/Programmation/Projet_Bacteries/src/Utility/Vec2d.cpp">
			<Option target="nutrimentTest"/>
			<Option target="simpleBactTest"/>
			<Option target="twitchingTest"/>
			<Option target="vec2dTest"/>
			<Option target="gripTest"/>
			<Option target="mutableTest"/>
			<Option target="swarmTest"/>
			<Option target="circularBodyTest"/>
			<Option target="application"/>
		</Unit>
		<Unit filename="/Users/emmaboehly/Documents/Bachelor2/Programmation/Projet_Bacteries/src/Utility/Vec2d.hpp">
			<Option target="nutrimentTest"/>
			<Option target="simpleBactTest"/>
			<Option target="twitchingTest"/>
			<Option target="vec2dTest"/>
			<Option target="gripTest"/>
			<Option target="mutableTest"/>
			<Option target="swarmTest"/>
			<Option target="circularBodyTest"/>
			<Option target="application"/>
		</Unit>
		<Unit filename="/Users/emmaboehly/Documents/Bachelor2/Programmation/Projet_Bacteries/src/CMakeLists.txt">
			<Option virtualFolder="CMake Files\"/>
		</Unit>
		<Unit filename="/Users/emmaboehly/Documents/Bachelor2/Programmation/Projet_Bacteries/src/../../../../../../../usr/local/lib/cmake/SFML/SFMLConfig.cmake">
			<Option virtualFolder="CMake Files\..\..\..\..\..\..\..\usr\local\lib\cmake\SFML\"/>
		</Unit>
		<Unit filename="/Users/emmaboehly/Documents/Bachelor2/Programmation/Projet_Bacteries/src/../../../../../../../usr/local/lib/cmake/SFML/SFMLConfigDependencies.cmake">
			<Option virtualFolder="CMake Files\..\..\..\..\..\..\..\usr\local\lib\cmake\SFML\"/>
		</Unit>
		<Unit filename="/Users/emmaboehly/Documents/Bachelor2/Programmation/Projet_Bacteries/src/../../../../../../../usr/local/lib/cmake/SFML/SFMLConfigVersion.cmake">
			<Option virtualFolder="CMake Files\..\..\..\..\..\..\..\usr\local\lib\cmake\SFML\"/>
		</Unit>
		<Unit filename="/Users/emmaboehly/Documents/Bachelor2/Programmation/Projet_Bacteries/src/../../../../../../../usr/local/lib/cmake/SFML/SFMLSharedTargets-release.cmake">
			<Option virtualFolder="CMake Files\..\..\..\..\..\..\..\usr\local\lib\cmake\SFML\"/>
		</Unit>
		<Unit filename="/Users/emmaboehly/Documents/Bachelor2/Programmation/Projet_Bacteries/src/../../../../../../../usr/local/lib/cmake/SFML/SFMLSharedTargets.cmake">
			<Option virtualFolder="CMake Files\..\..\..\..\..\..\..\usr\local\lib\cmake\SFML\"/>
		</Unit>
	</Project>
</CodeBlocks_project_file>
